
Microsoft Visual Studio Solution File, Format Version 12.00
# Visual Studio Version 17
VisualStudioVersion = 17.2.32616.157
MinimumVisualStudioVersion = 10.0.40219.1
Project("{FAE04EC0-301F-11D3-BF4B-00C04F79EFBC}") = "Functions", "Functions\Functions.csproj", "{4F7B8E86-DA22-4E2F-99F7-AF21EC0CB06A}"
EndProject
Global
	GlobalSection(SolutionConfigurationPlatforms) = preSolution
		Debug|Any CPU = Debug|Any CPU
		Release|Any CPU = Release|Any CPU
	EndGlobalSection
	GlobalSection(ProjectConfigurationPlatforms) = postSolution
		{4F7B8E86-DA22-4E2F-99F7-AF21EC0CB06A}.Debug|Any CPU.ActiveCfg = Debug|Any CPU
		{4F7B8E86-DA22-4E2F-99F7-AF21EC0CB06A}.Debug|Any CPU.Build.0 = Debug|Any CPU
		{4F7B8E86-DA22-4E2F-99F7-AF21EC0CB06A}.Release|Any CPU.ActiveCfg = Release|Any CPU
		{4F7B8E86-DA22-4E2F-99F7-AF21EC0CB06A}.Release|Any CPU.Build.0 = Release|Any CPU
	EndGlobalSection
	GlobalSection(SolutionProperties) = preSolution
		HideSolutionNode = FALSE
	EndGlobalSection
	GlobalSection(ExtensibilityGlobals) = postSolution
		SolutionGuid = {4CA96B15-6D8B-44C8-A9EE-9DBD54C3C294}
	EndGlobalSection
EndGlobal
