
Microsoft Visual Studio Solution File, Format Version 12.00
# Visual Studio Version 17
VisualStudioVersion = 17.3.32811.315
MinimumVisualStudioVersion = 10.0.40219.1
Project("{FAE04EC0-301F-11D3-BF4B-00C04F79EFBC}") = "Lists", "Lists\Lists.csproj", "{A69810FB-6E0A-4B74-9684-34F89B292413}"
EndProject
Global
	GlobalSection(SolutionConfigurationPlatforms) = preSolution
		Debug|Any CPU = Debug|Any CPU
		Release|Any CPU = Release|Any CPU
	EndGlobalSection
	GlobalSection(ProjectConfigurationPlatforms) = postSolution
		{A69810FB-6E0A-4B74-9684-34F89B292413}.Debug|Any CPU.ActiveCfg = Debug|Any CPU
		{A69810FB-6E0A-4B74-9684-34F89B292413}.Debug|Any CPU.Build.0 = Debug|Any CPU
		{A69810FB-6E0A-4B74-9684-34F89B292413}.Release|Any CPU.ActiveCfg = Release|Any CPU
		{A69810FB-6E0A-4B74-9684-34F89B292413}.Release|Any CPU.Build.0 = Release|Any CPU
	EndGlobalSection
	GlobalSection(SolutionProperties) = preSolution
		HideSolutionNode = FALSE
	EndGlobalSection
	GlobalSection(ExtensibilityGlobals) = postSolution
		SolutionGuid = {A6D1C0CE-8BDF-4114-84C1-0578E11FF1A3}
	EndGlobalSection
EndGlobal
