
Microsoft Visual Studio Solution File, Format Version 12.00
# Visual Studio Version 17
VisualStudioVersion = 17.3.32811.315
MinimumVisualStudioVersion = 10.0.40219.1
Project("{FAE04EC0-301F-11D3-BF4B-00C04F79EFBC}") = "Dictionaries", "Dictionaries\Dictionaries.csproj", "{AAC1DE40-DAAF-433D-B2D9-4FEC290BD253}"
EndProject
Global
	GlobalSection(SolutionConfigurationPlatforms) = preSolution
		Debug|Any CPU = Debug|Any CPU
		Release|Any CPU = Release|Any CPU
	EndGlobalSection
	GlobalSection(ProjectConfigurationPlatforms) = postSolution
		{AAC1DE40-DAAF-433D-B2D9-4FEC290BD253}.Debug|Any CPU.ActiveCfg = Debug|Any CPU
		{AAC1DE40-DAAF-433D-B2D9-4FEC290BD253}.Debug|Any CPU.Build.0 = Debug|Any CPU
		{AAC1DE40-DAAF-433D-B2D9-4FEC290BD253}.Release|Any CPU.ActiveCfg = Release|Any CPU
		{AAC1DE40-DAAF-433D-B2D9-4FEC290BD253}.Release|Any CPU.Build.0 = Release|Any CPU
	EndGlobalSection
	GlobalSection(SolutionProperties) = preSolution
		HideSolutionNode = FALSE
	EndGlobalSection
	GlobalSection(ExtensibilityGlobals) = postSolution
		SolutionGuid = {A93F0A8C-DD9F-4587-9418-8289D9C85C93}
	EndGlobalSection
EndGlobal
