
Microsoft Visual Studio Solution File, Format Version 12.00
# Visual Studio Version 17
VisualStudioVersion = 17.2.32616.157
MinimumVisualStudioVersion = 10.0.40219.1
Project("{FAE04EC0-301F-11D3-BF4B-00C04F79EFBC}") = "CLASS_02", "CLASS_02\CLASS_02.csproj", "{653C07A7-1E1E-447B-9E62-1AAAB8F7B93D}"
EndProject
Global
	GlobalSection(SolutionConfigurationPlatforms) = preSolution
		Debug|Any CPU = Debug|Any CPU
		Release|Any CPU = Release|Any CPU
	EndGlobalSection
	GlobalSection(ProjectConfigurationPlatforms) = postSolution
		{653C07A7-1E1E-447B-9E62-1AAAB8F7B93D}.Debug|Any CPU.ActiveCfg = Debug|Any CPU
		{653C07A7-1E1E-447B-9E62-1AAAB8F7B93D}.Debug|Any CPU.Build.0 = Debug|Any CPU
		{653C07A7-1E1E-447B-9E62-1AAAB8F7B93D}.Release|Any CPU.ActiveCfg = Release|Any CPU
		{653C07A7-1E1E-447B-9E62-1AAAB8F7B93D}.Release|Any CPU.Build.0 = Release|Any CPU
	EndGlobalSection
	GlobalSection(SolutionProperties) = preSolution
		HideSolutionNode = FALSE
	EndGlobalSection
	GlobalSection(ExtensibilityGlobals) = postSolution
		SolutionGuid = {B6A99015-6204-4CD3-BFE2-EA2D923EF5A3}
	EndGlobalSection
EndGlobal
