
Microsoft Visual Studio Solution File, Format Version 12.00
# Visual Studio Version 17
VisualStudioVersion = 17.3.32811.315
MinimumVisualStudioVersion = 10.0.40219.1
Project("{FAE04EC0-301F-11D3-BF4B-00C04F79EFBC}") = "ExtensionMethods", "ExtensionMethods\ExtensionMethods.csproj", "{EE0B419D-68F1-4CE7-9414-D28C53E59FB2}"
EndProject
Global
	GlobalSection(SolutionConfigurationPlatforms) = preSolution
		Debug|Any CPU = Debug|Any CPU
		Release|Any CPU = Release|Any CPU
	EndGlobalSection
	GlobalSection(ProjectConfigurationPlatforms) = postSolution
		{EE0B419D-68F1-4CE7-9414-D28C53E59FB2}.Debug|Any CPU.ActiveCfg = Debug|Any CPU
		{EE0B419D-68F1-4CE7-9414-D28C53E59FB2}.Debug|Any CPU.Build.0 = Debug|Any CPU
		{EE0B419D-68F1-4CE7-9414-D28C53E59FB2}.Release|Any CPU.ActiveCfg = Release|Any CPU
		{EE0B419D-68F1-4CE7-9414-D28C53E59FB2}.Release|Any CPU.Build.0 = Release|Any CPU
	EndGlobalSection
	GlobalSection(SolutionProperties) = preSolution
		HideSolutionNode = FALSE
	EndGlobalSection
	GlobalSection(ExtensibilityGlobals) = postSolution
		SolutionGuid = {B232BC59-267D-4175-B0FF-C32C5316E3D7}
	EndGlobalSection
EndGlobal
