
Microsoft Visual Studio Solution File, Format Version 12.00
# Visual Studio Version 16
VisualStudioVersion = 16.0.30114.105
MinimumVisualStudioVersion = 10.0.40219.1
Project("{FAE04EC0-301F-11D3-BF4B-00C04F79EFBC}") = "Var_Swit_Tern", "Var_Swit_Tern\Var_Swit_Tern.csproj", "{5A40DBEB-5236-4EC3-ACE0-BD8B7440CE17}"
EndProject
Global
	GlobalSection(SolutionConfigurationPlatforms) = preSolution
		Debug|Any CPU = Debug|Any CPU
		Release|Any CPU = Release|Any CPU
	EndGlobalSection
	GlobalSection(SolutionProperties) = preSolution
		HideSolutionNode = FALSE
	EndGlobalSection
	GlobalSection(ProjectConfigurationPlatforms) = postSolution
		{5A40DBEB-5236-4EC3-ACE0-BD8B7440CE17}.Debug|Any CPU.ActiveCfg = Debug|Any CPU
		{5A40DBEB-5236-4EC3-ACE0-BD8B7440CE17}.Debug|Any CPU.Build.0 = Debug|Any CPU
		{5A40DBEB-5236-4EC3-ACE0-BD8B7440CE17}.Release|Any CPU.ActiveCfg = Release|Any CPU
		{5A40DBEB-5236-4EC3-ACE0-BD8B7440CE17}.Release|Any CPU.Build.0 = Release|Any CPU
	EndGlobalSection
EndGlobal
